
Microsoft Visual Studio Solution File, Format Version 12.00
# Visual Studio Version 17
VisualStudioVersion = 17.7.34024.191
MinimumVisualStudioVersion = 10.0.40219.1
Project("{2150E333-8FDC-42A3-9474-1A3956D46DE8}") = "Task0", "Task0", "{1B669587-1DD9-4F57-A525-607474162F23}"
EndProject
Project("{FAE04EC0-301F-11D3-BF4B-00C04F79EFBC}") = "Tyuiu.SbrodovSV.Sprint2.Task0.V5", "Tyuiu.SbrodovSV.Sprint2.Task0.V5\Tyuiu.SbrodovSV.Sprint2.Task0.V5.csproj", "{D7E59A3C-A2C6-4827-8BE0-834AA8A7A7EC}"
EndProject
Project("{FAE04EC0-301F-11D3-BF4B-00C04F79EFBC}") = "Tyuiu.SbrodovSV.Sprint2.Task0.V5.Lib", "Tyuiu.SbrodovSV.Sprint2.Task0.V5.Lib\Tyuiu.SbrodovSV.Sprint2.Task0.V5.Lib.csproj", "{3BA44173-1EA0-4805-A87F-CB4F93493054}"
EndProject
Project("{FAE04EC0-301F-11D3-BF4B-00C04F79EFBC}") = "Tyuiu.SbrodovSV.Sprint2.Task0.V5.Test", "Tyuiu.SbrodovSV.Sprint2.Task0.V5.Test\Tyuiu.SbrodovSV.Sprint2.Task0.V5.Test.csproj", "{435108FE-F4E7-4830-B494-D442C0FD766D}"
EndProject
Project("{2150E333-8FDC-42A3-9474-1A3956D46DE8}") = "Task1", "Task1", "{64DBF407-FC9B-4C8E-A0F0-CC1CBD6FCBA5}"
EndProject
Project("{FAE04EC0-301F-11D3-BF4B-00C04F79EFBC}") = "Tyuiu.SbrodovSV.Sprint2.Task1.V5", "Tyuiu.SbrodovSV.Sprint2.Task1.V5\Tyuiu.SbrodovSV.Sprint2.Task1.V5.csproj", "{1B5B2946-F960-4760-877C-0E82FE6E16A4}"
EndProject
Project("{FAE04EC0-301F-11D3-BF4B-00C04F79EFBC}") = "Tyuiu.SbrodovSV.Sprint2.Task1.V5.Lib", "Tyuiu.SbrodovSV.Sprint2.Task1.V5.Lib\Tyuiu.SbrodovSV.Sprint2.Task1.V5.Lib.csproj", "{2A72799A-1F8A-462A-8426-D1DDEFDB9EFA}"
EndProject
Project("{FAE04EC0-301F-11D3-BF4B-00C04F79EFBC}") = "Tyuiu.SbrodovSV.Sprint2.Task1.V5.Test", "Tyuiu.SbrodovSV.Sprint2.Task1.V5.Test\Tyuiu.SbrodovSV.Sprint2.Task1.V5.Test.csproj", "{47D64444-EB79-446E-A83D-37384B547EF3}"
EndProject
Project("{2150E333-8FDC-42A3-9474-1A3956D46DE8}") = "Task2", "Task2", "{424BE6AD-9439-4131-9368-238D361BF8FA}"
EndProject
Project("{FAE04EC0-301F-11D3-BF4B-00C04F79EFBC}") = "Tyuiu.SbrodovSV.Sprint2.Task2.V27", "Tyuiu.SbrodovSV.Sprint2.Task2.V27\Tyuiu.SbrodovSV.Sprint2.Task2.V27.csproj", "{2F2629C2-4F65-43E7-99E7-8DC9663D377C}"
EndProject
Project("{FAE04EC0-301F-11D3-BF4B-00C04F79EFBC}") = "Tyuiu.SbrodovSV.Sprint2.Task2.V27.Lib", "Tyuiu.SbrodovSV.Sprint2.Task2.V27.Lib\Tyuiu.SbrodovSV.Sprint2.Task2.V27.Lib.csproj", "{7DD39D59-F587-4615-AA36-F56B1432207C}"
EndProject
Project("{FAE04EC0-301F-11D3-BF4B-00C04F79EFBC}") = "Tyuiu.SbrodovSV.Sprint2.Task2.V27.Test", "Tyuiu.SbrodovSV.Sprint2.Task2.V27.Test\Tyuiu.SbrodovSV.Sprint2.Task2.V27.Test.csproj", "{F3B4A327-182C-4CE0-A5C1-9FA61962EC09}"
EndProject
Project("{2150E333-8FDC-42A3-9474-1A3956D46DE8}") = "Task3", "Task3", "{27BEC973-0D86-45CB-87D3-0C2AE872F89F}"
EndProject
Project("{FAE04EC0-301F-11D3-BF4B-00C04F79EFBC}") = "Tyuiu.SbrodovSV.Sprint2.Task3.V26", "Tyuiu.SbrodovSV.Sprint2.Task3.V26\Tyuiu.SbrodovSV.Sprint2.Task3.V26.csproj", "{99D5DB95-5D00-4A97-93C0-93937DD466CB}"
EndProject
Project("{FAE04EC0-301F-11D3-BF4B-00C04F79EFBC}") = "Tyuiu.SbrodovSV.Sprint2.Task3.V26.Lib", "Tyuiu.SbrodovSV.Sprint2.Task3.V26.Lib\Tyuiu.SbrodovSV.Sprint2.Task3.V26.Lib.csproj", "{2F52092A-8B97-4EDB-B19F-55728541FB2D}"
EndProject
Project("{FAE04EC0-301F-11D3-BF4B-00C04F79EFBC}") = "Tyuiu.SbrodovSV.Sprint2.Task3.V26.Test", "Tyuiu.SbrodovSV.Sprint2.Task3.V26.Test\Tyuiu.SbrodovSV.Sprint2.Task3.V26.Test.csproj", "{BAB18AE3-90A2-41B3-9DB0-D214E05442D2}"
EndProject
Project("{2150E333-8FDC-42A3-9474-1A3956D46DE8}") = "Task4", "Task4", "{50289F1D-B34B-4F36-A4CA-5EA1919F274C}"
EndProject
Project("{FAE04EC0-301F-11D3-BF4B-00C04F79EFBC}") = "Tyuiu.SbrodovSV.Sprint2.Task4.V12", "Tyuiu.SbrodovSV.Sprint2.Task4.V12\Tyuiu.SbrodovSV.Sprint2.Task4.V12.csproj", "{57E721C2-D0B8-40F7-8B6F-C30B3B724C31}"
EndProject
Project("{FAE04EC0-301F-11D3-BF4B-00C04F79EFBC}") = "Tyuiu.SbrodovSV.Sprint2.Task4.V12.Lib", "Tyuiu.SbrodovSV.Sprint2.Task4.V12.Lib\Tyuiu.SbrodovSV.Sprint2.Task4.V12.Lib.csproj", "{7CFD0FE0-8F7B-449E-A596-D6645D90A493}"
EndProject
Project("{FAE04EC0-301F-11D3-BF4B-00C04F79EFBC}") = "Tyuiu.SbrodovSV.Sprint2.Task4.V12.Test", "Tyuiu.SbrodovSV.Sprint2.Task4.V12.Test\Tyuiu.SbrodovSV.Sprint2.Task4.V12.Test.csproj", "{EFF30E33-2F5B-424D-9227-9F641B531481}"
EndProject
Project("{2150E333-8FDC-42A3-9474-1A3956D46DE8}") = "Task5", "Task5", "{1D6FDDCA-66C9-4D49-96AB-2C1E5331CB7E}"
EndProject
Project("{FAE04EC0-301F-11D3-BF4B-00C04F79EFBC}") = "Tyuiu.SbrodovSV.Sprint2.Task5.V15", "Tyuiu.SbrodovSV.Sprint2.Task5.V15\Tyuiu.SbrodovSV.Sprint2.Task5.V15.csproj", "{D3B7DCCD-2876-4B0D-B666-833C2174F0CE}"
EndProject
Project("{FAE04EC0-301F-11D3-BF4B-00C04F79EFBC}") = "Tyuiu.SbrodovSV.Sprint2.Task5.V15.Lib", "Tyuiu.SbrodovSV.Sprint2.Task5.V15.Lib\Tyuiu.SbrodovSV.Sprint2.Task5.V15.Lib.csproj", "{FF9F2B8A-42B2-4674-A3B7-B82EEBFA4842}"
EndProject
Project("{FAE04EC0-301F-11D3-BF4B-00C04F79EFBC}") = "Tyuiu.SbrodovSV.Sprint2.Task5.V15.Test", "Tyuiu.SbrodovSV.Sprint2.Task5.V15.Test\Tyuiu.SbrodovSV.Sprint2.Task5.V15.Test.csproj", "{EF5799BB-18F1-4E94-B843-14E8B79EE5BE}"
EndProject
Project("{2150E333-8FDC-42A3-9474-1A3956D46DE8}") = "Task6", "Task6", "{965464E3-E04D-4062-8906-0D7002ECAADA}"
EndProject
Project("{FAE04EC0-301F-11D3-BF4B-00C04F79EFBC}") = "Tyuiu.SbrodovSV.Sprint2.Task6.V6", "Tyuiu.SbrodovSV.Sprint2.Task6.V6\Tyuiu.SbrodovSV.Sprint2.Task6.V6.csproj", "{963DCF3E-2ACF-489A-B970-F9279688A0AE}"
EndProject
Project("{FAE04EC0-301F-11D3-BF4B-00C04F79EFBC}") = "Tyuiu.SbrodovSV.Sprint2.Task6.V6.Test", "Tyuiu.SbrodovSV.Sprint2.Task6.V6.Test\Tyuiu.SbrodovSV.Sprint2.Task6.V6.Test.csproj", "{DF53DFCA-66C2-4215-B1CA-47332BEC9EBE}"
EndProject
Project("{FAE04EC0-301F-11D3-BF4B-00C04F79EFBC}") = "Tyuiu.SbrodovSV.Sprint2.Task6.V6.Lib", "Tyuiu.SbrodovSV.Sprint2.Task6.V6.Lib\Tyuiu.SbrodovSV.Sprint2.Task6.V6.Lib.csproj", "{1F97AFAF-6F3D-4CCC-8BC0-11AED2AA5EE3}"
EndProject
Global
	GlobalSection(SolutionConfigurationPlatforms) = preSolution
		Debug|Any CPU = Debug|Any CPU
		Release|Any CPU = Release|Any CPU
	EndGlobalSection
	GlobalSection(ProjectConfigurationPlatforms) = postSolution
		{D7E59A3C-A2C6-4827-8BE0-834AA8A7A7EC}.Debug|Any CPU.ActiveCfg = Debug|Any CPU
		{D7E59A3C-A2C6-4827-8BE0-834AA8A7A7EC}.Debug|Any CPU.Build.0 = Debug|Any CPU
		{D7E59A3C-A2C6-4827-8BE0-834AA8A7A7EC}.Release|Any CPU.ActiveCfg = Release|Any CPU
		{D7E59A3C-A2C6-4827-8BE0-834AA8A7A7EC}.Release|Any CPU.Build.0 = Release|Any CPU
		{3BA44173-1EA0-4805-A87F-CB4F93493054}.Debug|Any CPU.ActiveCfg = Debug|Any CPU
		{3BA44173-1EA0-4805-A87F-CB4F93493054}.Debug|Any CPU.Build.0 = Debug|Any CPU
		{3BA44173-1EA0-4805-A87F-CB4F93493054}.Release|Any CPU.ActiveCfg = Release|Any CPU
		{3BA44173-1EA0-4805-A87F-CB4F93493054}.Release|Any CPU.Build.0 = Release|Any CPU
		{435108FE-F4E7-4830-B494-D442C0FD766D}.Debug|Any CPU.ActiveCfg = Debug|Any CPU
		{435108FE-F4E7-4830-B494-D442C0FD766D}.Debug|Any CPU.Build.0 = Debug|Any CPU
		{435108FE-F4E7-4830-B494-D442C0FD766D}.Release|Any CPU.ActiveCfg = Release|Any CPU
		{435108FE-F4E7-4830-B494-D442C0FD766D}.Release|Any CPU.Build.0 = Release|Any CPU
		{1B5B2946-F960-4760-877C-0E82FE6E16A4}.Debug|Any CPU.ActiveCfg = Debug|Any CPU
		{1B5B2946-F960-4760-877C-0E82FE6E16A4}.Debug|Any CPU.Build.0 = Debug|Any CPU
		{1B5B2946-F960-4760-877C-0E82FE6E16A4}.Release|Any CPU.ActiveCfg = Release|Any CPU
		{1B5B2946-F960-4760-877C-0E82FE6E16A4}.Release|Any CPU.Build.0 = Release|Any CPU
		{2A72799A-1F8A-462A-8426-D1DDEFDB9EFA}.Debug|Any CPU.ActiveCfg = Debug|Any CPU
		{2A72799A-1F8A-462A-8426-D1DDEFDB9EFA}.Debug|Any CPU.Build.0 = Debug|Any CPU
		{2A72799A-1F8A-462A-8426-D1DDEFDB9EFA}.Release|Any CPU.ActiveCfg = Release|Any CPU
		{2A72799A-1F8A-462A-8426-D1DDEFDB9EFA}.Release|Any CPU.Build.0 = Release|Any CPU
		{47D64444-EB79-446E-A83D-37384B547EF3}.Debug|Any CPU.ActiveCfg = Debug|Any CPU
		{47D64444-EB79-446E-A83D-37384B547EF3}.Debug|Any CPU.Build.0 = Debug|Any CPU
		{47D64444-EB79-446E-A83D-37384B547EF3}.Release|Any CPU.ActiveCfg = Release|Any CPU
		{47D64444-EB79-446E-A83D-37384B547EF3}.Release|Any CPU.Build.0 = Release|Any CPU
		{2F2629C2-4F65-43E7-99E7-8DC9663D377C}.Debug|Any CPU.ActiveCfg = Debug|Any CPU
		{2F2629C2-4F65-43E7-99E7-8DC9663D377C}.Debug|Any CPU.Build.0 = Debug|Any CPU
		{2F2629C2-4F65-43E7-99E7-8DC9663D377C}.Release|Any CPU.ActiveCfg = Release|Any CPU
		{2F2629C2-4F65-43E7-99E7-8DC9663D377C}.Release|Any CPU.Build.0 = Release|Any CPU
		{7DD39D59-F587-4615-AA36-F56B1432207C}.Debug|Any CPU.ActiveCfg = Debug|Any CPU
		{7DD39D59-F587-4615-AA36-F56B1432207C}.Debug|Any CPU.Build.0 = Debug|Any CPU
		{7DD39D59-F587-4615-AA36-F56B1432207C}.Release|Any CPU.ActiveCfg = Release|Any CPU
		{7DD39D59-F587-4615-AA36-F56B1432207C}.Release|Any CPU.Build.0 = Release|Any CPU
		{F3B4A327-182C-4CE0-A5C1-9FA61962EC09}.Debug|Any CPU.ActiveCfg = Debug|Any CPU
		{F3B4A327-182C-4CE0-A5C1-9FA61962EC09}.Debug|Any CPU.Build.0 = Debug|Any CPU
		{F3B4A327-182C-4CE0-A5C1-9FA61962EC09}.Release|Any CPU.ActiveCfg = Release|Any CPU
		{F3B4A327-182C-4CE0-A5C1-9FA61962EC09}.Release|Any CPU.Build.0 = Release|Any CPU
		{99D5DB95-5D00-4A97-93C0-93937DD466CB}.Debug|Any CPU.ActiveCfg = Debug|Any CPU
		{99D5DB95-5D00-4A97-93C0-93937DD466CB}.Debug|Any CPU.Build.0 = Debug|Any CPU
		{99D5DB95-5D00-4A97-93C0-93937DD466CB}.Release|Any CPU.ActiveCfg = Release|Any CPU
		{99D5DB95-5D00-4A97-93C0-93937DD466CB}.Release|Any CPU.Build.0 = Release|Any CPU
		{2F52092A-8B97-4EDB-B19F-55728541FB2D}.Debug|Any CPU.ActiveCfg = Debug|Any CPU
		{2F52092A-8B97-4EDB-B19F-55728541FB2D}.Debug|Any CPU.Build.0 = Debug|Any CPU
		{2F52092A-8B97-4EDB-B19F-55728541FB2D}.Release|Any CPU.ActiveCfg = Release|Any CPU
		{2F52092A-8B97-4EDB-B19F-55728541FB2D}.Release|Any CPU.Build.0 = Release|Any CPU
		{BAB18AE3-90A2-41B3-9DB0-D214E05442D2}.Debug|Any CPU.ActiveCfg = Debug|Any CPU
		{BAB18AE3-90A2-41B3-9DB0-D214E05442D2}.Debug|Any CPU.Build.0 = Debug|Any CPU
		{BAB18AE3-90A2-41B3-9DB0-D214E05442D2}.Release|Any CPU.ActiveCfg = Release|Any CPU
		{BAB18AE3-90A2-41B3-9DB0-D214E05442D2}.Release|Any CPU.Build.0 = Release|Any CPU
		{57E721C2-D0B8-40F7-8B6F-C30B3B724C31}.Debug|Any CPU.ActiveCfg = Debug|Any CPU
		{57E721C2-D0B8-40F7-8B6F-C30B3B724C31}.Debug|Any CPU.Build.0 = Debug|Any CPU
		{57E721C2-D0B8-40F7-8B6F-C30B3B724C31}.Release|Any CPU.ActiveCfg = Release|Any CPU
		{57E721C2-D0B8-40F7-8B6F-C30B3B724C31}.Release|Any CPU.Build.0 = Release|Any CPU
		{7CFD0FE0-8F7B-449E-A596-D6645D90A493}.Debug|Any CPU.ActiveCfg = Debug|Any CPU
		{7CFD0FE0-8F7B-449E-A596-D6645D90A493}.Debug|Any CPU.Build.0 = Debug|Any CPU
		{7CFD0FE0-8F7B-449E-A596-D6645D90A493}.Release|Any CPU.ActiveCfg = Release|Any CPU
		{7CFD0FE0-8F7B-449E-A596-D6645D90A493}.Release|Any CPU.Build.0 = Release|Any CPU
		{EFF30E33-2F5B-424D-9227-9F641B531481}.Debug|Any CPU.ActiveCfg = Debug|Any CPU
		{EFF30E33-2F5B-424D-9227-9F641B531481}.Debug|Any CPU.Build.0 = Debug|Any CPU
		{EFF30E33-2F5B-424D-9227-9F641B531481}.Release|Any CPU.ActiveCfg = Release|Any CPU
		{EFF30E33-2F5B-424D-9227-9F641B531481}.Release|Any CPU.Build.0 = Release|Any CPU
		{D3B7DCCD-2876-4B0D-B666-833C2174F0CE}.Debug|Any CPU.ActiveCfg = Debug|Any CPU
		{D3B7DCCD-2876-4B0D-B666-833C2174F0CE}.Debug|Any CPU.Build.0 = Debug|Any CPU
		{D3B7DCCD-2876-4B0D-B666-833C2174F0CE}.Release|Any CPU.ActiveCfg = Release|Any CPU
		{D3B7DCCD-2876-4B0D-B666-833C2174F0CE}.Release|Any CPU.Build.0 = Release|Any CPU
		{FF9F2B8A-42B2-4674-A3B7-B82EEBFA4842}.Debug|Any CPU.ActiveCfg = Debug|Any CPU
		{FF9F2B8A-42B2-4674-A3B7-B82EEBFA4842}.Debug|Any CPU.Build.0 = Debug|Any CPU
		{FF9F2B8A-42B2-4674-A3B7-B82EEBFA4842}.Release|Any CPU.ActiveCfg = Release|Any CPU
		{FF9F2B8A-42B2-4674-A3B7-B82EEBFA4842}.Release|Any CPU.Build.0 = Release|Any CPU
		{EF5799BB-18F1-4E94-B843-14E8B79EE5BE}.Debug|Any CPU.ActiveCfg = Debug|Any CPU
		{EF5799BB-18F1-4E94-B843-14E8B79EE5BE}.Debug|Any CPU.Build.0 = Debug|Any CPU
		{EF5799BB-18F1-4E94-B843-14E8B79EE5BE}.Release|Any CPU.ActiveCfg = Release|Any CPU
		{EF5799BB-18F1-4E94-B843-14E8B79EE5BE}.Release|Any CPU.Build.0 = Release|Any CPU
		{963DCF3E-2ACF-489A-B970-F9279688A0AE}.Debug|Any CPU.ActiveCfg = Debug|Any CPU
		{963DCF3E-2ACF-489A-B970-F9279688A0AE}.Debug|Any CPU.Build.0 = Debug|Any CPU
		{963DCF3E-2ACF-489A-B970-F9279688A0AE}.Release|Any CPU.ActiveCfg = Release|Any CPU
		{963DCF3E-2ACF-489A-B970-F9279688A0AE}.Release|Any CPU.Build.0 = Release|Any CPU
		{DF53DFCA-66C2-4215-B1CA-47332BEC9EBE}.Debug|Any CPU.ActiveCfg = Debug|Any CPU
		{DF53DFCA-66C2-4215-B1CA-47332BEC9EBE}.Debug|Any CPU.Build.0 = Debug|Any CPU
		{DF53DFCA-66C2-4215-B1CA-47332BEC9EBE}.Release|Any CPU.ActiveCfg = Release|Any CPU
		{DF53DFCA-66C2-4215-B1CA-47332BEC9EBE}.Release|Any CPU.Build.0 = Release|Any CPU
		{1F97AFAF-6F3D-4CCC-8BC0-11AED2AA5EE3}.Debug|Any CPU.ActiveCfg = Debug|Any CPU
		{1F97AFAF-6F3D-4CCC-8BC0-11AED2AA5EE3}.Debug|Any CPU.Build.0 = Debug|Any CPU
		{1F97AFAF-6F3D-4CCC-8BC0-11AED2AA5EE3}.Release|Any CPU.ActiveCfg = Release|Any CPU
		{1F97AFAF-6F3D-4CCC-8BC0-11AED2AA5EE3}.Release|Any CPU.Build.0 = Release|Any CPU
	EndGlobalSection
	GlobalSection(SolutionProperties) = preSolution
		HideSolutionNode = FALSE
	EndGlobalSection
	GlobalSection(NestedProjects) = preSolution
		{D7E59A3C-A2C6-4827-8BE0-834AA8A7A7EC} = {1B669587-1DD9-4F57-A525-607474162F23}
		{3BA44173-1EA0-4805-A87F-CB4F93493054} = {1B669587-1DD9-4F57-A525-607474162F23}
		{435108FE-F4E7-4830-B494-D442C0FD766D} = {1B669587-1DD9-4F57-A525-607474162F23}
		{1B5B2946-F960-4760-877C-0E82FE6E16A4} = {64DBF407-FC9B-4C8E-A0F0-CC1CBD6FCBA5}
		{2A72799A-1F8A-462A-8426-D1DDEFDB9EFA} = {64DBF407-FC9B-4C8E-A0F0-CC1CBD6FCBA5}
		{47D64444-EB79-446E-A83D-37384B547EF3} = {64DBF407-FC9B-4C8E-A0F0-CC1CBD6FCBA5}
		{2F2629C2-4F65-43E7-99E7-8DC9663D377C} = {424BE6AD-9439-4131-9368-238D361BF8FA}
		{7DD39D59-F587-4615-AA36-F56B1432207C} = {424BE6AD-9439-4131-9368-238D361BF8FA}
		{F3B4A327-182C-4CE0-A5C1-9FA61962EC09} = {424BE6AD-9439-4131-9368-238D361BF8FA}
		{99D5DB95-5D00-4A97-93C0-93937DD466CB} = {27BEC973-0D86-45CB-87D3-0C2AE872F89F}
		{2F52092A-8B97-4EDB-B19F-55728541FB2D} = {27BEC973-0D86-45CB-87D3-0C2AE872F89F}
		{BAB18AE3-90A2-41B3-9DB0-D214E05442D2} = {27BEC973-0D86-45CB-87D3-0C2AE872F89F}
		{57E721C2-D0B8-40F7-8B6F-C30B3B724C31} = {50289F1D-B34B-4F36-A4CA-5EA1919F274C}
		{7CFD0FE0-8F7B-449E-A596-D6645D90A493} = {50289F1D-B34B-4F36-A4CA-5EA1919F274C}
		{EFF30E33-2F5B-424D-9227-9F641B531481} = {50289F1D-B34B-4F36-A4CA-5EA1919F274C}
		{D3B7DCCD-2876-4B0D-B666-833C2174F0CE} = {1D6FDDCA-66C9-4D49-96AB-2C1E5331CB7E}
		{FF9F2B8A-42B2-4674-A3B7-B82EEBFA4842} = {1D6FDDCA-66C9-4D49-96AB-2C1E5331CB7E}
		{EF5799BB-18F1-4E94-B843-14E8B79EE5BE} = {1D6FDDCA-66C9-4D49-96AB-2C1E5331CB7E}
		{963DCF3E-2ACF-489A-B970-F9279688A0AE} = {965464E3-E04D-4062-8906-0D7002ECAADA}
		{DF53DFCA-66C2-4215-B1CA-47332BEC9EBE} = {965464E3-E04D-4062-8906-0D7002ECAADA}
		{1F97AFAF-6F3D-4CCC-8BC0-11AED2AA5EE3} = {965464E3-E04D-4062-8906-0D7002ECAADA}
	EndGlobalSection
	GlobalSection(ExtensibilityGlobals) = postSolution
		SolutionGuid = {566F83DE-4374-4B01-9322-D6024B45B47D}
	EndGlobalSection
EndGlobal
